{
  "nodes": {
    "claude-code-sandbox": {
      "inputs": {
        "flake-utils": "flake-utils",
        "nixpkgs": "nixpkgs"
      },
      "locked": {
        "lastModified": 1790187976,
        "narHash": "sha256-tE2vD+gNAlNCD91LHKNbGV5V7eFVrwUydX8W0UhAPxk=",
        "owner": "neko-kai",
        "repo": "claude-code-sandbox",
        "rev": "297d7e9423cae3fae3beb5eb5e18c44ada80dc1e",
        "type": "github"
      },
      "original": {
        "owner": "neko-kai",
        "repo": "claude-code-sandbox",
        "type": "github"
      }
    },
    "codegraph": {
      "flake": false,
      "locked": {
        "lastModified": 1790964208,
        "narHash": "sha256-aZYykZDNgS3s8Adxel4HNhTkDMLaUYvJwounfFILpuM=",
        "owner": "colbymchenry",
        "repo": "codegraph",
        "rev": "3d86bcc0371079070d25901830fb2102100434c3",
        "type": "github"
      },
      "original": {
        "owner": "colbymchenry",
        "repo": "codegraph",
        "type": "github"
      }
    },
    "flake-utils": {
      "inputs": {
        "systems": "systems"
      },
      "locked": {
        "lastModified": 1731533236,
        "narHash": "sha256-l0KFg5HjrsfsO/JpG+r7fRrqm12kzFHyUHqHCVpMMbI=",
        "owner": "numtide",
        "repo": "flake-utils",
        "rev": "11707dc2f618dd54ca8739b309ec4fc024de578b",
        "type": "github"
      },
      "original": {
        "owner": "numtide",
        "repo": "flake-utils",
        "rev": "11707dc2f618dd54ca8739b309ec4fc024de578b",
        "type": "github"
      }
    },
    "flake-utils_2": {
      "inputs": {
        "systems": "systems_2"
      },
      "locked": {
        "lastModified": 1731533236,
        "narHash": "sha256-l0KFg5HjrsfsO/JpG+r7fRrqm12kzFHyUHqHCVpMMbI=",
        "owner": "numtide",
        "repo": "flake-utils",
        "rev": "11707dc2f618dd54ca8739b309ec4fc024de578b",
        "type": "github"
      },
      "original": {
        "owner": "numtide",
        "repo": "flake-utils",
        "type": "github"
      }
    },
    "nixpkgs": {
      "locked": {
        "lastModified": 1764521362,
        "narHash": "sha256-M101xMtWdF1eSD0xhiR8nG8CXRlHmv6V+VoY65Smwf4=",
        "owner": "NixOS",
        "repo": "nixpkgs",
        "rev": "871b9fd269ff6246794583ce4ee1031e1da71895",
        "type": "github"
      },
      "original": {
        "owner": "NixOS",
        "ref": "25.11",
        "repo": "nixpkgs",
        "type": "github"
      }
    },
    "nixpkgs_2": {
      "locked": {
        "lastModified": 1790822859,
        "narHash": "sha256-69xHQhAeMAD2wDXO7T2pcOZIF9Sga2W+JkmY2a11Ops=",
        "owner": "NixOS",
        "repo": "nixpkgs",
        "rev": "c59305bab2065cfecc4944690d9eedbb56f3a9fa",
        "type": "github"
      },
      "original": {
        "owner": "NixOS",
        "ref": "nixos-unstable",
        "repo": "nixpkgs",
        "type": "github"
      }
    },
    "openai-codex-plugin": {
      "flake": false,
      "locked": {
        "lastModified": 1783469820,
        "narHash": "sha256-S/R4kHTcIHBcG0TRX063C7ILXZZm0oMqunchPGg6ToU=",
        "owner": "openai",
        "repo": "codex-plugin-cc",
        "rev": "db52e28f4d9ded852ab3942cea316258ae4ef346",
        "type": "github"
      },
      "original": {
        "owner": "openai",
        "repo": "codex-plugin-cc",
        "type": "github"
      }
    },
    "root": {
      "inputs": {
        "claude-code-sandbox": "claude-code-sandbox",
        "codegraph": "codegraph",
        "flake-utils": "flake-utils_2",
        "nixpkgs": "nixpkgs_2",
        "openai-codex-plugin": "openai-codex-plugin"
      }
    },
    "systems": {
      "locked": {
        "lastModified": 1681028828,
        "narHash": "sha256-Vy1rq5AaRuLzOxct8nz4T6wlgyUR7zLU309k9mBC768=",
        "owner": "nix-systems",
        "repo": "default",
        "rev": "da67096a3b9bf56a91d16901293e51ba5b49a27e",
        "type": "github"
      },
      "original": {
        "owner": "nix-systems",
        "repo": "default",
        "type": "github"
      }
    },
    "systems_2": {
      "locked": {
        "lastModified": 1681028828,
        "narHash": "sha256-Vy1rq5AaRuLzOxct8nz4T6wlgyUR7zLU309k9mBC768=",
        "owner": "nix-systems",
        "repo": "default",
        "rev": "da67096a3b9bf56a91d16901293e51ba5b49a27e",
        "type": "github"
      },
      "original": {
        "owner": "nix-systems",
        "repo": "default",
        "type": "github"
      }
    }
  },
  "root": "root",
  "version": 7
}
