{
  "nodes": {
    "claude-code-sandbox": {
      "inputs": {
        "flake-utils": "flake-utils",
        "nixpkgs": "nixpkgs"
      },
      "locked": {
        "lastModified": 1788031278,
        "narHash": "sha256-+bocTe0q2FCkguyvZLjZtIsp7Jm1w/uX1KvJP1IbEks=",
        "owner": "neko-kai",
        "repo": "claude-code-sandbox",
        "rev": "6cafdc43a1d0d66c16fbe12c51eaef78514c5f16",
        "type": "github"
      },
      "original": {
        "owner": "neko-kai",
        "repo": "claude-code-sandbox",
        "type": "github"
      }
    },
    "codegraph": {
      "flake": false,
      "locked": {
        "lastModified": 1789584022,
        "narHash": "sha256-oe2VWQ2lDV6ksebGOeTqajJXT2BcRFJJWUwkJ/+u3Nw=",
        "owner": "colbymchenry",
        "repo": "codegraph",
        "rev": "ba3c21e50d9129d2f5f3843ec3728868ae6d47a1",
        "type": "github"
      },
      "original": {
        "owner": "colbymchenry",
        "repo": "codegraph",
        "type": "github"
      }
    },
    "flake-utils": {
      "inputs": {
        "systems": "systems"
      },
      "locked": {
        "lastModified": 1731533236,
        "narHash": "sha256-l0KFg5HjrsfsO/JpG+r7fRrqm12kzFHyUHqHCVpMMbI=",
        "owner": "numtide",
        "repo": "flake-utils",
        "rev": "11707dc2f618dd54ca8739b309ec4fc024de578b",
        "type": "github"
      },
      "original": {
        "owner": "numtide",
        "repo": "flake-utils",
        "rev": "11707dc2f618dd54ca8739b309ec4fc024de578b",
        "type": "github"
      }
    },
    "flake-utils_2": {
      "inputs": {
        "systems": "systems_2"
      },
      "locked": {
        "lastModified": 1731533236,
        "narHash": "sha256-l0KFg5HjrsfsO/JpG+r7fRrqm12kzFHyUHqHCVpMMbI=",
        "owner": "numtide",
        "repo": "flake-utils",
        "rev": "11707dc2f618dd54ca8739b309ec4fc024de578b",
        "type": "github"
      },
      "original": {
        "owner": "numtide",
        "repo": "flake-utils",
        "type": "github"
      }
    },
    "nixpkgs": {
      "locked": {
        "lastModified": 1764521362,
        "narHash": "sha256-M101xMtWdF1eSD0xhiR8nG8CXRlHmv6V+VoY65Smwf4=",
        "owner": "NixOS",
        "repo": "nixpkgs",
        "rev": "871b9fd269ff6246794583ce4ee1031e1da71895",
        "type": "github"
      },
      "original": {
        "owner": "NixOS",
        "ref": "25.11",
        "repo": "nixpkgs",
        "type": "github"
      }
    },
    "nixpkgs_2": {
      "locked": {
        "lastModified": 1790185690,
        "narHash": "sha256-xJ+X4hBtOcAFGBOe5nAMyMUeF9foJBmIOu3NjBqBycU=",
        "owner": "NixOS",
        "repo": "nixpkgs",
        "rev": "4975466d324710c576dc11ad614684e6bd8cad8e",
        "type": "github"
      },
      "original": {
        "owner": "NixOS",
        "ref": "nixos-unstable",
        "repo": "nixpkgs",
        "type": "github"
      }
    },
    "openai-codex-plugin": {
      "flake": false,
      "locked": {
        "lastModified": 1783469820,
        "narHash": "sha256-S/R4kHTcIHBcG0TRX063C7ILXZZm0oMqunchPGg6ToU=",
        "owner": "openai",
        "repo": "codex-plugin-cc",
        "rev": "db52e28f4d9ded852ab3942cea316258ae4ef346",
        "type": "github"
      },
      "original": {
        "owner": "openai",
        "repo": "codex-plugin-cc",
        "type": "github"
      }
    },
    "root": {
      "inputs": {
        "claude-code-sandbox": "claude-code-sandbox",
        "codegraph": "codegraph",
        "flake-utils": "flake-utils_2",
        "nixpkgs": "nixpkgs_2",
        "openai-codex-plugin": "openai-codex-plugin"
      }
    },
    "systems": {
      "locked": {
        "lastModified": 1681028828,
        "narHash": "sha256-Vy1rq5AaRuLzOxct8nz4T6wlgyUR7zLU309k9mBC768=",
        "owner": "nix-systems",
        "repo": "default",
        "rev": "da67096a3b9bf56a91d16901293e51ba5b49a27e",
        "type": "github"
      },
      "original": {
        "owner": "nix-systems",
        "repo": "default",
        "type": "github"
      }
    },
    "systems_2": {
      "locked": {
        "lastModified": 1681028828,
        "narHash": "sha256-Vy1rq5AaRuLzOxct8nz4T6wlgyUR7zLU309k9mBC768=",
        "owner": "nix-systems",
        "repo": "default",
        "rev": "da67096a3b9bf56a91d16901293e51ba5b49a27e",
        "type": "github"
      },
      "original": {
        "owner": "nix-systems",
        "repo": "default",
        "type": "github"
      }
    }
  },
  "root": "root",
  "version": 7
}
